{
  "name": "uni-app-tmp",
  "version": "1.0.0",
  "lockfileVersion": 2,
  "requires": true,
  "packages": {
    "": {
      "name": "uni-app-tmp",
      "version": "1.0.0",
      "license": "ISC",
      "dependencies": {
        "uview-ui": "^2.0.37"
      }
    },
    "node_modules/uview-ui": {
      "version": "2.0.37",
      "resolved": "https://registry.npmmirror.com/uview-ui/-/uview-ui-2.0.37.tgz",
      "integrity": "sha512-iBcWNmQa01Wr+z004G6XIVPDctOrJIAx7LObQceUAPxZh6kJYjIOAMp5JE1K4VpoMV5bKYDpCd0gmX+M4nTEQQ==",
      "engines": {
        "HBuilderX": "^3.1.0"
      }
    }
  },
  "dependencies": {
    "uview-ui": {
      "version": "2.0.37",
      "resolved": "https://registry.npmmirror.com/uview-ui/-/uview-ui-2.0.37.tgz",
      "integrity": "sha512-iBcWNmQa01Wr+z004G6XIVPDctOrJIAx7LObQceUAPxZh6kJYjIOAMp5JE1K4VpoMV5bKYDpCd0gmX+M4nTEQQ=="
    }
  }
}
